// !$*UTF8*$!
{
	archiveVersion = 1;
	classes = {
	};
	objectVersion = 46;
	objects = {

/* Begin PBXBuildFile section */
		CB0F670418D7BDE100051E74 /* Foundation.framework in Frameworks */ = {isa = PBXBuildFile; fileRef = CB0F670318D7BDE100051E74 /* Foundation.framework */; };
		CB0F671218D7BDE100051E74 /* XCTest.framework in Frameworks */ = {isa = PBXBuildFile; fileRef = CB0F671118D7BDE100051E74 /* XCTest.framework */; };
		CB0F671318D7BDE100051E74 /* Foundation.framework in Frameworks */ = {isa = PBXBuildFile; fileRef = CB0F670318D7BDE100051E74 /* Foundation.framework */; };
		CB0F671518D7BDE100051E74 /* UIKit.framework in Frameworks */ = {isa = PBXBuildFile; fileRef = CB0F671418D7BDE100051E74 /* UIKit.framework */; };
		CB0F671818D7BDE100051E74 /* libclawhammer.a in Frameworks */ = {isa = PBXBuildFile; fileRef = CB0F670018D7BDE100051E74 /* libclawhammer.a */; };
		CB0F671E18D7BDE100051E74 /* InfoPlist.strings in Resources */ = {isa = PBXBuildFile; fileRef = CB0F671C18D7BDE100051E74 /* InfoPlist.strings */; };
		CB0F672018D7BDE100051E74 /* clawhammerTests.m in Sources */ = {isa = PBXBuildFile; fileRef = CB0F671F18D7BDE100051E74 /* clawhammerTests.m */; };
		CB16654518DA180E0072F5CA /* CMCFontEditViewController.m in Sources */ = {isa = PBXBuildFile; fileRef = CB16654418DA180E0072F5CA /* CMCFontEditViewController.m */; };
		CB16654818DA2B9A0072F5CA /* CMCNumericEditViewController.m in Sources */ = {isa = PBXBuildFile; fileRef = CB16654718DA2B9A0072F5CA /* CMCNumericEditViewController.m */; };
		CB16654B18DA35360072F5CA /* CMCColorEditViewController.m in Sources */ = {isa = PBXBuildFile; fileRef = CB16654A18DA35360072F5CA /* CMCColorEditViewController.m */; };
		CB29F35518D902DA00F37729 /* CMCStringEditViewController.m in Sources */ = {isa = PBXBuildFile; fileRef = CB29F35418D902DA00F37729 /* CMCStringEditViewController.m */; };
		CB29F35818D9030400F37729 /* CMCEditViewController.m in Sources */ = {isa = PBXBuildFile; fileRef = CB29F35718D9030400F37729 /* CMCEditViewController.m */; };
		CB29F35B18D909CF00F37729 /* CMCTweakDescriptor.m in Sources */ = {isa = PBXBuildFile; fileRef = CB29F35A18D909CF00F37729 /* CMCTweakDescriptor.m */; };
		CB29F35E18D90A1300F37729 /* CMCNumericTweakDescriptor.m in Sources */ = {isa = PBXBuildFile; fileRef = CB29F35D18D90A1300F37729 /* CMCNumericTweakDescriptor.m */; };
		CB29F36118D90A2600F37729 /* CMCFontTweakDescriptor.m in Sources */ = {isa = PBXBuildFile; fileRef = CB29F36018D90A2600F37729 /* CMCFontTweakDescriptor.m */; };
		CB29F36D18D9100400F37729 /* CMCStringTweakDescriptor.m in Sources */ = {isa = PBXBuildFile; fileRef = CB29F36C18D9100400F37729 /* CMCStringTweakDescriptor.m */; };
		CB29F37018D9100D00F37729 /* CMCColorTweakDescriptor.m in Sources */ = {isa = PBXBuildFile; fileRef = CB29F36F18D9100D00F37729 /* CMCColorTweakDescriptor.m */; };
		CB3FCF8018D8E23700A434DB /* CMCTweakViewController.m in Sources */ = {isa = PBXBuildFile; fileRef = CB3FCF7F18D8E23700A434DB /* CMCTweakViewController.m */; };
		CB3FCF8318D8F9F000A434DB /* NSObject+CMCTweaking.m in Sources */ = {isa = PBXBuildFile; fileRef = CB3FCF8218D8F9F000A434DB /* NSObject+CMCTweaking.m */; };
		CB876D1B18D8DE4F000B4EDD /* CMCTweakManager.m in Sources */ = {isa = PBXBuildFile; fileRef = CB876D1A18D8DE4F000B4EDD /* CMCTweakManager.m */; };
		CB876D1D18D8DE80000B4EDD /* CoreGraphics.framework in Frameworks */ = {isa = PBXBuildFile; fileRef = CB876D1C18D8DE80000B4EDD /* CoreGraphics.framework */; };
		CB876D1F18D8DECA000B4EDD /* UIKit.framework in Frameworks */ = {isa = PBXBuildFile; fileRef = CB876D1E18D8DECA000B4EDD /* UIKit.framework */; };
		CBF5594418DA670B00344CE6 /* CMCColorSlider.m in Sources */ = {isa = PBXBuildFile; fileRef = CBF5594318DA670B00344CE6 /* CMCColorSlider.m */; };
		CBF5594718DA6BEC00344CE6 /* CMCColorPickerView.m in Sources */ = {isa = PBXBuildFile; fileRef = CBF5594618DA6BEC00344CE6 /* CMCColorPickerView.m */; };
/* End PBXBuildFile section */

/* Begin PBXContainerItemProxy section */
		CB0F671618D7BDE100051E74 /* PBXContainerItemProxy */ = {
			isa = PBXContainerItemProxy;
			containerPortal = CB0F66F818D7BDE100051E74 /* Project object */;
			proxyType = 1;
			remoteGlobalIDString = CB0F66FF18D7BDE100051E74;
			remoteInfo = clawhammer;
		};
/* End PBXContainerItemProxy section */

/* Begin PBXCopyFilesBuildPhase section */
		CB0F66FE18D7BDE100051E74 /* CopyFiles */ = {
			isa = PBXCopyFilesBuildPhase;
			buildActionMask = 2147483647;
			dstPath = "include/$(PRODUCT_NAME)";
			dstSubfolderSpec = 16;
			files = (
			);
			runOnlyForDeploymentPostprocessing = 0;
		};
/* End PBXCopyFilesBuildPhase section */

/* Begin PBXFileReference section */
		CB0F670018D7BDE100051E74 /* libclawhammer.a */ = {isa = PBXFileReference; explicitFileType = archive.ar; includeInIndex = 0; path = libclawhammer.a; sourceTree = BUILT_PRODUCTS_DIR; };
		CB0F670318D7BDE100051E74 /* Foundation.framework */ = {isa = PBXFileReference; lastKnownFileType = wrapper.framework; name = Foundation.framework; path = System/Library/Frameworks/Foundation.framework; sourceTree = SDKROOT; };
		CB0F670718D7BDE100051E74 /* clawhammer-Prefix.pch */ = {isa = PBXFileReference; lastKnownFileType = sourcecode.c.h; path = "clawhammer-Prefix.pch"; sourceTree = "<group>"; };
		CB0F671018D7BDE100051E74 /* clawhammerTests.xctest */ = {isa = PBXFileReference; explicitFileType = wrapper.cfbundle; includeInIndex = 0; path = clawhammerTests.xctest; sourceTree = BUILT_PRODUCTS_DIR; };
		CB0F671118D7BDE100051E74 /* XCTest.framework */ = {isa = PBXFileReference; lastKnownFileType = wrapper.framework; name = XCTest.framework; path = Library/Frameworks/XCTest.framework; sourceTree = DEVELOPER_DIR; };
		CB0F671418D7BDE100051E74 /* UIKit.framework */ = {isa = PBXFileReference; lastKnownFileType = wrapper.framework; name = UIKit.framework; path = Library/Frameworks/UIKit.framework; sourceTree = DEVELOPER_DIR; };
		CB0F671B18D7BDE100051E74 /* clawhammerTests-Info.plist */ = {isa = PBXFileReference; lastKnownFileType = text.plist.xml; path = "clawhammerTests-Info.plist"; sourceTree = "<group>"; };
		CB0F671D18D7BDE100051E74 /* en */ = {isa = PBXFileReference; lastKnownFileType = text.plist.strings; name = en; path = en.lproj/InfoPlist.strings; sourceTree = "<group>"; };
		CB0F671F18D7BDE100051E74 /* clawhammerTests.m */ = {isa = PBXFileReference; lastKnownFileType = sourcecode.c.objc; path = clawhammerTests.m; sourceTree = "<group>"; };
		CB16654318DA180E0072F5CA /* CMCFontEditViewController.h */ = {isa = PBXFileReference; fileEncoding = 4; lastKnownFileType = sourcecode.c.h; path = CMCFontEditViewController.h; sourceTree = "<group>"; };
		CB16654418DA180E0072F5CA /* CMCFontEditViewController.m */ = {isa = PBXFileReference; fileEncoding = 4; lastKnownFileType = sourcecode.c.objc; path = CMCFontEditViewController.m; sourceTree = "<group>"; };
		CB16654618DA2B9A0072F5CA /* CMCNumericEditViewController.h */ = {isa = PBXFileReference; fileEncoding = 4; lastKnownFileType = sourcecode.c.h; path = CMCNumericEditViewController.h; sourceTree = "<group>"; };
		CB16654718DA2B9A0072F5CA /* CMCNumericEditViewController.m */ = {isa = PBXFileReference; fileEncoding = 4; lastKnownFileType = sourcecode.c.objc; path = CMCNumericEditViewController.m; sourceTree = "<group>"; };
		CB16654918DA35360072F5CA /* CMCColorEditViewController.h */ = {isa = PBXFileReference; fileEncoding = 4; lastKnownFileType = sourcecode.c.h; path = CMCColorEditViewController.h; sourceTree = "<group>"; };
		CB16654A18DA35360072F5CA /* CMCColorEditViewController.m */ = {isa = PBXFileReference; fileEncoding = 4; lastKnownFileType = sourcecode.c.objc; path = CMCColorEditViewController.m; sourceTree = "<group>"; };
		CB29F35318D902DA00F37729 /* CMCStringEditViewController.h */ = {isa = PBXFileReference; fileEncoding = 4; lastKnownFileType = sourcecode.c.h; path = CMCStringEditViewController.h; sourceTree = "<group>"; };
		CB29F35418D902DA00F37729 /* CMCStringEditViewController.m */ = {isa = PBXFileReference; fileEncoding = 4; lastKnownFileType = sourcecode.c.objc; path = CMCStringEditViewController.m; sourceTree = "<group>"; };
		CB29F35618D9030400F37729 /* CMCEditViewController.h */ = {isa = PBXFileReference; fileEncoding = 4; lastKnownFileType = sourcecode.c.h; path = CMCEditViewController.h; sourceTree = "<group>"; };
		CB29F35718D9030400F37729 /* CMCEditViewController.m */ = {isa = PBXFileReference; fileEncoding = 4; lastKnownFileType = sourcecode.c.objc; path = CMCEditViewController.m; sourceTree = "<group>"; };
		CB29F35918D909CF00F37729 /* CMCTweakDescriptor.h */ = {isa = PBXFileReference; fileEncoding = 4; lastKnownFileType = sourcecode.c.h; path = CMCTweakDescriptor.h; sourceTree = "<group>"; };
		CB29F35A18D909CF00F37729 /* CMCTweakDescriptor.m */ = {isa = PBXFileReference; fileEncoding = 4; lastKnownFileType = sourcecode.c.objc; path = CMCTweakDescriptor.m; sourceTree = "<group>"; };
		CB29F35C18D90A1300F37729 /* CMCNumericTweakDescriptor.h */ = {isa = PBXFileReference; fileEncoding = 4; lastKnownFileType = sourcecode.c.h; path = CMCNumericTweakDescriptor.h; sourceTree = "<group>"; };
		CB29F35D18D90A1300F37729 /* CMCNumericTweakDescriptor.m */ = {isa = PBXFileReference; fileEncoding = 4; lastKnownFileType = sourcecode.c.objc; path = CMCNumericTweakDescriptor.m; sourceTree = "<group>"; };
		CB29F35F18D90A2600F37729 /* CMCFontTweakDescriptor.h */ = {isa = PBXFileReference; fileEncoding = 4; lastKnownFileType = sourcecode.c.h; path = CMCFontTweakDescriptor.h; sourceTree = "<group>"; };
		CB29F36018D90A2600F37729 /* CMCFontTweakDescriptor.m */ = {isa = PBXFileReference; fileEncoding = 4; lastKnownFileType = sourcecode.c.objc; path = CMCFontTweakDescriptor.m; sourceTree = "<group>"; };
		CB29F36B18D9100400F37729 /* CMCStringTweakDescriptor.h */ = {isa = PBXFileReference; fileEncoding = 4; lastKnownFileType = sourcecode.c.h; path = CMCStringTweakDescriptor.h; sourceTree = "<group>"; };
		CB29F36C18D9100400F37729 /* CMCStringTweakDescriptor.m */ = {isa = PBXFileReference; fileEncoding = 4; lastKnownFileType = sourcecode.c.objc; path = CMCStringTweakDescriptor.m; sourceTree = "<group>"; };
		CB29F36E18D9100D00F37729 /* CMCColorTweakDescriptor.h */ = {isa = PBXFileReference; fileEncoding = 4; lastKnownFileType = sourcecode.c.h; path = CMCColorTweakDescriptor.h; sourceTree = "<group>"; };
		CB29F36F18D9100D00F37729 /* CMCColorTweakDescriptor.m */ = {isa = PBXFileReference; fileEncoding = 4; lastKnownFileType = sourcecode.c.objc; path = CMCColorTweakDescriptor.m; sourceTree = "<group>"; };
		CB3FCF7E18D8E23700A434DB /* CMCTweakViewController.h */ = {isa = PBXFileReference; fileEncoding = 4; lastKnownFileType = sourcecode.c.h; path = CMCTweakViewController.h; sourceTree = "<group>"; };
		CB3FCF7F18D8E23700A434DB /* CMCTweakViewController.m */ = {isa = PBXFileReference; fileEncoding = 4; lastKnownFileType = sourcecode.c.objc; path = CMCTweakViewController.m; sourceTree = "<group>"; };
		CB3FCF8118D8F9F000A434DB /* NSObject+CMCTweaking.h */ = {isa = PBXFileReference; fileEncoding = 4; lastKnownFileType = sourcecode.c.h; path = "NSObject+CMCTweaking.h"; sourceTree = "<group>"; };
		CB3FCF8218D8F9F000A434DB /* NSObject+CMCTweaking.m */ = {isa = PBXFileReference; fileEncoding = 4; lastKnownFileType = sourcecode.c.objc; path = "NSObject+CMCTweaking.m"; sourceTree = "<group>"; };
		CB876D1918D8DE4F000B4EDD /* CMCTweakManager.h */ = {isa = PBXFileReference; fileEncoding = 4; lastKnownFileType = sourcecode.c.h; path = CMCTweakManager.h; sourceTree = "<group>"; };
		CB876D1A18D8DE4F000B4EDD /* CMCTweakManager.m */ = {isa = PBXFileReference; fileEncoding = 4; lastKnownFileType = sourcecode.c.objc; path = CMCTweakManager.m; sourceTree = "<group>"; };
		CB876D1C18D8DE80000B4EDD /* CoreGraphics.framework */ = {isa = PBXFileReference; lastKnownFileType = wrapper.framework; name = CoreGraphics.framework; path = System/Library/Frameworks/CoreGraphics.framework; sourceTree = SDKROOT; };
		CB876D1E18D8DECA000B4EDD /* UIKit.framework */ = {isa = PBXFileReference; lastKnownFileType = wrapper.framework; name = UIKit.framework; path = System/Library/Frameworks/UIKit.framework; sourceTree = SDKROOT; };
		CBF5594218DA670B00344CE6 /* CMCColorSlider.h */ = {isa = PBXFileReference; fileEncoding = 4; lastKnownFileType = sourcecode.c.h; path = CMCColorSlider.h; sourceTree = "<group>"; };
		CBF5594318DA670B00344CE6 /* CMCColorSlider.m */ = {isa = PBXFileReference; fileEncoding = 4; lastKnownFileType = sourcecode.c.objc; path = CMCColorSlider.m; sourceTree = "<group>"; };
		CBF5594518DA6BEC00344CE6 /* CMCColorPickerView.h */ = {isa = PBXFileReference; fileEncoding = 4; lastKnownFileType = sourcecode.c.h; path = CMCColorPickerView.h; sourceTree = "<group>"; };
		CBF5594618DA6BEC00344CE6 /* CMCColorPickerView.m */ = {isa = PBXFileReference; fileEncoding = 4; lastKnownFileType = sourcecode.c.objc; path = CMCColorPickerView.m; sourceTree = "<group>"; };
/* End PBXFileReference section */

/* Begin PBXFrameworksBuildPhase section */
		CB0F66FD18D7BDE100051E74 /* Frameworks */ = {
			isa = PBXFrameworksBuildPhase;
			buildActionMask = 2147483647;
			files = (
				CB876D1F18D8DECA000B4EDD /* UIKit.framework in Frameworks */,
				CB876D1D18D8DE80000B4EDD /* CoreGraphics.framework in Frameworks */,
				CB0F670418D7BDE100051E74 /* Foundation.framework in Frameworks */,
			);
			runOnlyForDeploymentPostprocessing = 0;
		};
		CB0F670D18D7BDE100051E74 /* Frameworks */ = {
			isa = PBXFrameworksBuildPhase;
			buildActionMask = 2147483647;
			files = (
				CB0F671218D7BDE100051E74 /* XCTest.framework in Frameworks */,
				CB0F671518D7BDE100051E74 /* UIKit.framework in Frameworks */,
				CB0F671818D7BDE100051E74 /* libclawhammer.a in Frameworks */,
				CB0F671318D7BDE100051E74 /* Foundation.framework in Frameworks */,
			);
			runOnlyForDeploymentPostprocessing = 0;
		};
/* End PBXFrameworksBuildPhase section */

/* Begin PBXGroup section */
		CB0F66F718D7BDE100051E74 = {
			isa = PBXGroup;
			children = (
				CB0F670518D7BDE100051E74 /* clawhammer */,
				CB0F671918D7BDE100051E74 /* clawhammerTests */,
				CB0F670218D7BDE100051E74 /* Frameworks */,
				CB0F670118D7BDE100051E74 /* Products */,
			);
			sourceTree = "<group>";
		};
		CB0F670118D7BDE100051E74 /* Products */ = {
			isa = PBXGroup;
			children = (
				CB0F670018D7BDE100051E74 /* libclawhammer.a */,
				CB0F671018D7BDE100051E74 /* clawhammerTests.xctest */,
			);
			name = Products;
			sourceTree = "<group>";
		};
		CB0F670218D7BDE100051E74 /* Frameworks */ = {
			isa = PBXGroup;
			children = (
				CB876D1E18D8DECA000B4EDD /* UIKit.framework */,
				CB876D1C18D8DE80000B4EDD /* CoreGraphics.framework */,
				CB0F670318D7BDE100051E74 /* Foundation.framework */,
				CB0F671118D7BDE100051E74 /* XCTest.framework */,
				CB0F671418D7BDE100051E74 /* UIKit.framework */,
			);
			name = Frameworks;
			sourceTree = "<group>";
		};
		CB0F670518D7BDE100051E74 /* clawhammer */ = {
			isa = PBXGroup;
			children = (
				CB0F670618D7BDE100051E74 /* Supporting Files */,
				CB876D1918D8DE4F000B4EDD /* CMCTweakManager.h */,
				CB876D1A18D8DE4F000B4EDD /* CMCTweakManager.m */,
				CBF5594218DA670B00344CE6 /* CMCColorSlider.h */,
				CBF5594318DA670B00344CE6 /* CMCColorSlider.m */,
				CBF5594518DA6BEC00344CE6 /* CMCColorPickerView.h */,
				CBF5594618DA6BEC00344CE6 /* CMCColorPickerView.m */,
				CB16654118DA096B0072F5CA /* tweak descriptors */,
				CB16654218DA15640072F5CA /* controllers */,
				CB3FCF8418D8FA8B00A434DB /* categories */,
			);
			path = clawhammer;
			sourceTree = "<group>";
		};
		CB0F670618D7BDE100051E74 /* Supporting Files */ = {
			isa = PBXGroup;
			children = (
				CB0F670718D7BDE100051E74 /* clawhammer-Prefix.pch */,
			);
			name = "Supporting Files";
			sourceTree = "<group>";
		};
		CB0F671918D7BDE100051E74 /* clawhammerTests */ = {
			isa = PBXGroup;
			children = (
				CB0F671F18D7BDE100051E74 /* clawhammerTests.m */,
				CB0F671A18D7BDE100051E74 /* Supporting Files */,
			);
			path = clawhammerTests;
			sourceTree = "<group>";
		};
		CB0F671A18D7BDE100051E74 /* Supporting Files */ = {
			isa = PBXGroup;
			children = (
				CB0F671B18D7BDE100051E74 /* clawhammerTests-Info.plist */,
				CB0F671C18D7BDE100051E74 /* InfoPlist.strings */,
			);
			name = "Supporting Files";
			sourceTree = "<group>";
		};
		CB16654118DA096B0072F5CA /* tweak descriptors */ = {
			isa = PBXGroup;
			children = (
				CB29F35918D909CF00F37729 /* CMCTweakDescriptor.h */,
				CB29F35A18D909CF00F37729 /* CMCTweakDescriptor.m */,
				CB29F35C18D90A1300F37729 /* CMCNumericTweakDescriptor.h */,
				CB29F35D18D90A1300F37729 /* CMCNumericTweakDescriptor.m */,
				CB29F35F18D90A2600F37729 /* CMCFontTweakDescriptor.h */,
				CB29F36018D90A2600F37729 /* CMCFontTweakDescriptor.m */,
				CB29F36B18D9100400F37729 /* CMCStringTweakDescriptor.h */,
				CB29F36C18D9100400F37729 /* CMCStringTweakDescriptor.m */,
				CB29F36E18D9100D00F37729 /* CMCColorTweakDescriptor.h */,
				CB29F36F18D9100D00F37729 /* CMCColorTweakDescriptor.m */,
			);
			name = "tweak descriptors";
			sourceTree = "<group>";
		};
		CB16654218DA15640072F5CA /* controllers */ = {
			isa = PBXGroup;
			children = (
				CB3FCF7E18D8E23700A434DB /* CMCTweakViewController.h */,
				CB3FCF7F18D8E23700A434DB /* CMCTweakViewController.m */,
				CB29F35618D9030400F37729 /* CMCEditViewController.h */,
				CB29F35718D9030400F37729 /* CMCEditViewController.m */,
				CB29F35318D902DA00F37729 /* CMCStringEditViewController.h */,
				CB29F35418D902DA00F37729 /* CMCStringEditViewController.m */,
				CB16654918DA35360072F5CA /* CMCColorEditViewController.h */,
				CB16654A18DA35360072F5CA /* CMCColorEditViewController.m */,
				CB16654618DA2B9A0072F5CA /* CMCNumericEditViewController.h */,
				CB16654718DA2B9A0072F5CA /* CMCNumericEditViewController.m */,
				CB16654318DA180E0072F5CA /* CMCFontEditViewController.h */,
				CB16654418DA180E0072F5CA /* CMCFontEditViewController.m */,
			);
			name = controllers;
			sourceTree = "<group>";
		};
		CB3FCF8418D8FA8B00A434DB /* categories */ = {
			isa = PBXGroup;
			children = (
				CB3FCF8118D8F9F000A434DB /* NSObject+CMCTweaking.h */,
				CB3FCF8218D8F9F000A434DB /* NSObject+CMCTweaking.m */,
			);
			name = categories;
			sourceTree = "<group>";
		};
/* End PBXGroup section */

/* Begin PBXNativeTarget section */
		CB0F66FF18D7BDE100051E74 /* clawhammer */ = {
			isa = PBXNativeTarget;
			buildConfigurationList = CB0F672318D7BDE100051E74 /* Build configuration list for PBXNativeTarget "clawhammer" */;
			buildPhases = (
				CB0F66FC18D7BDE100051E74 /* Sources */,
				CB0F66FD18D7BDE100051E74 /* Frameworks */,
				CB0F66FE18D7BDE100051E74 /* CopyFiles */,
			);
			buildRules = (
			);
			dependencies = (
			);
			name = clawhammer;
			productName = clawhammer;
			productReference = CB0F670018D7BDE100051E74 /* libclawhammer.a */;
			productType = "com.apple.product-type.library.static";
		};
		CB0F670F18D7BDE100051E74 /* clawhammerTests */ = {
			isa = PBXNativeTarget;
			buildConfigurationList = CB0F672618D7BDE100051E74 /* Build configuration list for PBXNativeTarget "clawhammerTests" */;
			buildPhases = (
				CB0F670C18D7BDE100051E74 /* Sources */,
				CB0F670D18D7BDE100051E74 /* Frameworks */,
				CB0F670E18D7BDE100051E74 /* Resources */,
			);
			buildRules = (
			);
			dependencies = (
				CB0F671718D7BDE100051E74 /* PBXTargetDependency */,
			);
			name = clawhammerTests;
			productName = clawhammerTests;
			productReference = CB0F671018D7BDE100051E74 /* clawhammerTests.xctest */;
			productType = "com.apple.product-type.bundle.unit-test";
		};
/* End PBXNativeTarget section */

/* Begin PBXProject section */
		CB0F66F818D7BDE100051E74 /* Project object */ = {
			isa = PBXProject;
			attributes = {
				LastUpgradeCheck = 0510;
				ORGANIZATIONNAME = "Charlie Mezak";
			};
			buildConfigurationList = CB0F66FB18D7BDE100051E74 /* Build configuration list for PBXProject "clawhammer" */;
			compatibilityVersion = "Xcode 3.2";
			developmentRegion = English;
			hasScannedForEncodings = 0;
			knownRegions = (
				en,
			);
			mainGroup = CB0F66F718D7BDE100051E74;
			productRefGroup = CB0F670118D7BDE100051E74 /* Products */;
			projectDirPath = "";
			projectRoot = "";
			targets = (
				CB0F66FF18D7BDE100051E74 /* clawhammer */,
				CB0F670F18D7BDE100051E74 /* clawhammerTests */,
			);
		};
/* End PBXProject section */

/* Begin PBXResourcesBuildPhase section */
		CB0F670E18D7BDE100051E74 /* Resources */ = {
			isa = PBXResourcesBuildPhase;
			buildActionMask = 2147483647;
			files = (
				CB0F671E18D7BDE100051E74 /* InfoPlist.strings in Resources */,
			);
			runOnlyForDeploymentPostprocessing = 0;
		};
/* End PBXResourcesBuildPhase section */

/* Begin PBXSourcesBuildPhase section */
		CB0F66FC18D7BDE100051E74 /* Sources */ = {
			isa = PBXSourcesBuildPhase;
			buildActionMask = 2147483647;
			files = (
				CB29F36118D90A2600F37729 /* CMCFontTweakDescriptor.m in Sources */,
				CB29F36D18D9100400F37729 /* CMCStringTweakDescriptor.m in Sources */,
				CBF5594418DA670B00344CE6 /* CMCColorSlider.m in Sources */,
				CB16654818DA2B9A0072F5CA /* CMCNumericEditViewController.m in Sources */,
				CB3FCF8318D8F9F000A434DB /* NSObject+CMCTweaking.m in Sources */,
				CB876D1B18D8DE4F000B4EDD /* CMCTweakManager.m in Sources */,
				CB29F37018D9100D00F37729 /* CMCColorTweakDescriptor.m in Sources */,
				CB29F35E18D90A1300F37729 /* CMCNumericTweakDescriptor.m in Sources */,
				CB29F35818D9030400F37729 /* CMCEditViewController.m in Sources */,
				CB3FCF8018D8E23700A434DB /* CMCTweakViewController.m in Sources */,
				CB16654518DA180E0072F5CA /* CMCFontEditViewController.m in Sources */,
				CB29F35518D902DA00F37729 /* CMCStringEditViewController.m in Sources */,
				CB16654B18DA35360072F5CA /* CMCColorEditViewController.m in Sources */,
				CB29F35B18D909CF00F37729 /* CMCTweakDescriptor.m in Sources */,
				CBF5594718DA6BEC00344CE6 /* CMCColorPickerView.m in Sources */,
			);
			runOnlyForDeploymentPostprocessing = 0;
		};
		CB0F670C18D7BDE100051E74 /* Sources */ = {
			isa = PBXSourcesBuildPhase;
			buildActionMask = 2147483647;
			files = (
				CB0F672018D7BDE100051E74 /* clawhammerTests.m in Sources */,
			);
			runOnlyForDeploymentPostprocessing = 0;
		};
/* End PBXSourcesBuildPhase section */

/* Begin PBXTargetDependency section */
		CB0F671718D7BDE100051E74 /* PBXTargetDependency */ = {
			isa = PBXTargetDependency;
			target = CB0F66FF18D7BDE100051E74 /* clawhammer */;
			targetProxy = CB0F671618D7BDE100051E74 /* PBXContainerItemProxy */;
		};
/* End PBXTargetDependency section */

/* Begin PBXVariantGroup section */
		CB0F671C18D7BDE100051E74 /* InfoPlist.strings */ = {
			isa = PBXVariantGroup;
			children = (
				CB0F671D18D7BDE100051E74 /* en */,
			);
			name = InfoPlist.strings;
			sourceTree = "<group>";
		};
/* End PBXVariantGroup section */

/* Begin XCBuildConfiguration section */
		CB0F672118D7BDE100051E74 /* Debug */ = {
			isa = XCBuildConfiguration;
			buildSettings = {
				ALWAYS_SEARCH_USER_PATHS = NO;
				CLANG_CXX_LANGUAGE_STANDARD = "gnu++0x";
				CLANG_CXX_LIBRARY = "libc++";
				CLANG_ENABLE_MODULES = YES;
				CLANG_ENABLE_OBJC_ARC = YES;
				CLANG_WARN_BOOL_CONVERSION = YES;
				CLANG_WARN_CONSTANT_CONVERSION = YES;
				CLANG_WARN_DIRECT_OBJC_ISA_USAGE = YES_ERROR;
				CLANG_WARN_EMPTY_BODY = YES;
				CLANG_WARN_ENUM_CONVERSION = YES;
				CLANG_WARN_INT_CONVERSION = YES;
				CLANG_WARN_OBJC_ROOT_CLASS = YES_ERROR;
				CLANG_WARN__DUPLICATE_METHOD_MATCH = YES;
				COPY_PHASE_STRIP = NO;
				GCC_C_LANGUAGE_STANDARD = gnu99;
				GCC_DYNAMIC_NO_PIC = NO;
				GCC_OPTIMIZATION_LEVEL = 0;
				GCC_PREPROCESSOR_DEFINITIONS = (
					"DEBUG=1",
					"$(inherited)",
				);
				GCC_SYMBOLS_PRIVATE_EXTERN = NO;
				GCC_WARN_64_TO_32_BIT_CONVERSION = YES;
				GCC_WARN_ABOUT_RETURN_TYPE = YES_ERROR;
				GCC_WARN_UNDECLARED_SELECTOR = YES;
				GCC_WARN_UNINITIALIZED_AUTOS = YES_AGGRESSIVE;
				GCC_WARN_UNUSED_FUNCTION = YES;
				GCC_WARN_UNUSED_VARIABLE = YES;
				IPHONEOS_DEPLOYMENT_TARGET = 7.1;
				ONLY_ACTIVE_ARCH = YES;
				SDKROOT = iphoneos;
			};
			name = Debug;
		};
		CB0F672218D7BDE100051E74 /* Release */ = {
			isa = XCBuildConfiguration;
			buildSettings = {
				ALWAYS_SEARCH_USER_PATHS = NO;
				CLANG_CXX_LANGUAGE_STANDARD = "gnu++0x";
				CLANG_CXX_LIBRARY = "libc++";
				CLANG_ENABLE_MODULES = YES;
				CLANG_ENABLE_OBJC_ARC = YES;
				CLANG_WARN_BOOL_CONVERSION = YES;
				CLANG_WARN_CONSTANT_CONVERSION = YES;
				CLANG_WARN_DIRECT_OBJC_ISA_USAGE = YES_ERROR;
				CLANG_WARN_EMPTY_BODY = YES;
				CLANG_WARN_ENUM_CONVERSION = YES;
				CLANG_WARN_INT_CONVERSION = YES;
				CLANG_WARN_OBJC_ROOT_CLASS = YES_ERROR;
				CLANG_WARN__DUPLICATE_METHOD_MATCH = YES;
				COPY_PHASE_STRIP = YES;
				ENABLE_NS_ASSERTIONS = NO;
				GCC_C_LANGUAGE_STANDARD = gnu99;
				GCC_WARN_64_TO_32_BIT_CONVERSION = YES;
				GCC_WARN_ABOUT_RETURN_TYPE = YES_ERROR;
				GCC_WARN_UNDECLARED_SELECTOR = YES;
				GCC_WARN_UNINITIALIZED_AUTOS = YES_AGGRESSIVE;
				GCC_WARN_UNUSED_FUNCTION = YES;
				GCC_WARN_UNUSED_VARIABLE = YES;
				IPHONEOS_DEPLOYMENT_TARGET = 7.1;
				SDKROOT = iphoneos;
				VALIDATE_PRODUCT = YES;
			};
			name = Release;
		};
		CB0F672418D7BDE100051E74 /* Debug */ = {
			isa = XCBuildConfiguration;
			buildSettings = {
				DSTROOT = /tmp/clawhammer.dst;
				GCC_PRECOMPILE_PREFIX_HEADER = YES;
				GCC_PREFIX_HEADER = "clawhammer/clawhammer-Prefix.pch";
				OTHER_LDFLAGS = "-ObjC";
				PRODUCT_NAME = "$(TARGET_NAME)";
				SKIP_INSTALL = YES;
			};
			name = Debug;
		};
		CB0F672518D7BDE100051E74 /* Release */ = {
			isa = XCBuildConfiguration;
			buildSettings = {
				DSTROOT = /tmp/clawhammer.dst;
				GCC_PRECOMPILE_PREFIX_HEADER = YES;
				GCC_PREFIX_HEADER = "clawhammer/clawhammer-Prefix.pch";
				OTHER_LDFLAGS = "-ObjC";
				PRODUCT_NAME = "$(TARGET_NAME)";
				SKIP_INSTALL = YES;
			};
			name = Release;
		};
		CB0F672718D7BDE100051E74 /* Debug */ = {
			isa = XCBuildConfiguration;
			buildSettings = {
				FRAMEWORK_SEARCH_PATHS = (
					"$(SDKROOT)/Developer/Library/Frameworks",
					"$(inherited)",
					"$(DEVELOPER_FRAMEWORKS_DIR)",
				);
				GCC_PRECOMPILE_PREFIX_HEADER = YES;
				GCC_PREFIX_HEADER = "clawhammer/clawhammer-Prefix.pch";
				GCC_PREPROCESSOR_DEFINITIONS = (
					"DEBUG=1",
					"$(inherited)",
				);
				INFOPLIST_FILE = "clawhammerTests/clawhammerTests-Info.plist";
				PRODUCT_NAME = "$(TARGET_NAME)";
				WRAPPER_EXTENSION = xctest;
			};
			name = Debug;
		};
		CB0F672818D7BDE100051E74 /* Release */ = {
			isa = XCBuildConfiguration;
			buildSettings = {
				FRAMEWORK_SEARCH_PATHS = (
					"$(SDKROOT)/Developer/Library/Frameworks",
					"$(inherited)",
					"$(DEVELOPER_FRAMEWORKS_DIR)",
				);
				GCC_PRECOMPILE_PREFIX_HEADER = YES;
				GCC_PREFIX_HEADER = "clawhammer/clawhammer-Prefix.pch";
				INFOPLIST_FILE = "clawhammerTests/clawhammerTests-Info.plist";
				PRODUCT_NAME = "$(TARGET_NAME)";
				WRAPPER_EXTENSION = xctest;
			};
			name = Release;
		};
/* End XCBuildConfiguration section */

/* Begin XCConfigurationList section */
		CB0F66FB18D7BDE100051E74 /* Build configuration list for PBXProject "clawhammer" */ = {
			isa = XCConfigurationList;
			buildConfigurations = (
				CB0F672118D7BDE100051E74 /* Debug */,
				CB0F672218D7BDE100051E74 /* Release */,
			);
			defaultConfigurationIsVisible = 0;
			defaultConfigurationName = Release;
		};
		CB0F672318D7BDE100051E74 /* Build configuration list for PBXNativeTarget "clawhammer" */ = {
			isa = XCConfigurationList;
			buildConfigurations = (
				CB0F672418D7BDE100051E74 /* Debug */,
				CB0F672518D7BDE100051E74 /* Release */,
			);
			defaultConfigurationIsVisible = 0;
			defaultConfigurationName = Release;
		};
		CB0F672618D7BDE100051E74 /* Build configuration list for PBXNativeTarget "clawhammerTests" */ = {
			isa = XCConfigurationList;
			buildConfigurations = (
				CB0F672718D7BDE100051E74 /* Debug */,
				CB0F672818D7BDE100051E74 /* Release */,
			);
			defaultConfigurationIsVisible = 0;
			defaultConfigurationName = Release;
		};
/* End XCConfigurationList section */
	};
	rootObject = CB0F66F818D7BDE100051E74 /* Project object */;
}
